// !$*UTF8*$!
{
	archiveVersion = 1;
	classes = {
	};
	objectVersion = 46;
	objects = {

/* Begin PBXBuildFile section */
		80282E7E1A721F2400D2AB17 /* main.m in Sources */ = {isa = PBXBuildFile; fileRef = 80282E7D1A721F2400D2AB17 /* main.m */; };
		80282E811A721F2400D2AB17 /* AppDelegate.m in Sources */ = {isa = PBXBuildFile; fileRef = 80282E801A721F2400D2AB17 /* AppDelegate.m */; };
		80282E841A721F2400D2AB17 /* ViewController.m in Sources */ = {isa = PBXBuildFile; fileRef = 80282E831A721F2400D2AB17 /* ViewController.m */; };
		80282E871A721F2400D2AB17 /* Main.storyboard in Resources */ = {isa = PBXBuildFile; fileRef = 80282E851A721F2400D2AB17 /* Main.storyboard */; };
		80282E891A721F2400D2AB17 /* Images.xcassets in Resources */ = {isa = PBXBuildFile; fileRef = 80282E881A721F2400D2AB17 /* Images.xcassets */; };
		80282E8C1A721F2400D2AB17 /* LaunchScreen.xib in Resources */ = {isa = PBXBuildFile; fileRef = 80282E8A1A721F2400D2AB17 /* LaunchScreen.xib */; };
		80282E981A721F2500D2AB17 /* ObjcAppTests.m in Sources */ = {isa = PBXBuildFile; fileRef = 80282E971A721F2500D2AB17 /* ObjcAppTests.m */; };
		C9EB7A281C8EBF4500BC35E8 /* SwiftFramework.framework in Frameworks */ = {isa = PBXBuildFile; fileRef = C9EB7A211C8EBF2500BC35E8 /* SwiftFramework.framework */; };
		C9EB7A291C8EBF4500BC35E8 /* SwiftFramework.framework in Embed Frameworks */ = {isa = PBXBuildFile; fileRef = C9EB7A211C8EBF2500BC35E8 /* SwiftFramework.framework */; settings = {ATTRIBUTES = (CodeSignOnCopy, RemoveHeadersOnCopy, ); }; };
/* End PBXBuildFile section */

/* Begin PBXContainerItemProxy section */
		80282E921A721F2500D2AB17 /* PBXContainerItemProxy */ = {
			isa = PBXContainerItemProxy;
			containerPortal = 80282E701A721F2400D2AB17 /* Project object */;
			proxyType = 1;
			remoteGlobalIDString = 80282E771A721F2400D2AB17;
			remoteInfo = ObjcApp;
		};
		C9EB7A201C8EBF2500BC35E8 /* PBXContainerItemProxy */ = {
			isa = PBXContainerItemProxy;
			containerPortal = C9EB7A1A1C8EBF2500BC35E8 /* SwiftFramework.xcodeproj */;
			proxyType = 2;
			remoteGlobalIDString = 80282DE01A72193700D2AB17;
			remoteInfo = SwiftFramework;
		};
		C9EB7A221C8EBF2500BC35E8 /* PBXContainerItemProxy */ = {
			isa = PBXContainerItemProxy;
			containerPortal = C9EB7A1A1C8EBF2500BC35E8 /* SwiftFramework.xcodeproj */;
			proxyType = 2;
			remoteGlobalIDString = 80282DEB1A72193800D2AB17;
			remoteInfo = SwiftFrameworkTests;
		};
		C9EB7A2A1C8EBF4500BC35E8 /* PBXContainerItemProxy */ = {
			isa = PBXContainerItemProxy;
			containerPortal = C9EB7A1A1C8EBF2500BC35E8 /* SwiftFramework.xcodeproj */;
			proxyType = 1;
			remoteGlobalIDString = 80282DDF1A72193700D2AB17;
			remoteInfo = SwiftFramework;
		};
/* End PBXContainerItemProxy section */

/* Begin PBXCopyFilesBuildPhase section */
		80282EA41A721F6A00D2AB17 /* Embed Frameworks */ = {
			isa = PBXCopyFilesBuildPhase;
			buildActionMask = 2147483647;
			dstPath = "";
			dstSubfolderSpec = 10;
			files = (
				C9EB7A291C8EBF4500BC35E8 /* SwiftFramework.framework in Embed Frameworks */,
			);
			name = "Embed Frameworks";
			runOnlyForDeploymentPostprocessing = 0;
		};
/* End PBXCopyFilesBuildPhase section */

/* Begin PBXFileReference section */
		80282E781A721F2400D2AB17 /* ObjcApp.app */ = {isa = PBXFileReference; explicitFileType = wrapper.application; includeInIndex = 0; path = ObjcApp.app; sourceTree = BUILT_PRODUCTS_DIR; };
		80282E7C1A721F2400D2AB17 /* Info.plist */ = {isa = PBXFileReference; lastKnownFileType = text.plist.xml; path = Info.plist; sourceTree = "<group>"; };
		80282E7D1A721F2400D2AB17 /* main.m */ = {isa = PBXFileReference; lastKnownFileType = sourcecode.c.objc; path = main.m; sourceTree = "<group>"; };
		80282E7F1A721F2400D2AB17 /* AppDelegate.h */ = {isa = PBXFileReference; lastKnownFileType = sourcecode.c.h; path = AppDelegate.h; sourceTree = "<group>"; };
		80282E801A721F2400D2AB17 /* AppDelegate.m */ = {isa = PBXFileReference; lastKnownFileType = sourcecode.c.objc; path = AppDelegate.m; sourceTree = "<group>"; };
		80282E821A721F2400D2AB17 /* ViewController.h */ = {isa = PBXFileReference; lastKnownFileType = sourcecode.c.h; path = ViewController.h; sourceTree = "<group>"; };
		80282E831A721F2400D2AB17 /* ViewController.m */ = {isa = PBXFileReference; lastKnownFileType = sourcecode.c.objc; path = ViewController.m; sourceTree = "<group>"; };
		80282E861A721F2400D2AB17 /* Base */ = {isa = PBXFileReference; lastKnownFileType = file.storyboard; name = Base; path = Base.lproj/Main.storyboard; sourceTree = "<group>"; };
		80282E881A721F2400D2AB17 /* Images.xcassets */ = {isa = PBXFileReference; lastKnownFileType = folder.assetcatalog; path = Images.xcassets; sourceTree = "<group>"; };
		80282E8B1A721F2400D2AB17 /* Base */ = {isa = PBXFileReference; lastKnownFileType = file.xib; name = Base; path = Base.lproj/LaunchScreen.xib; sourceTree = "<group>"; };
		80282E911A721F2500D2AB17 /* ObjcAppTests.xctest */ = {isa = PBXFileReference; explicitFileType = wrapper.cfbundle; includeInIndex = 0; path = ObjcAppTests.xctest; sourceTree = BUILT_PRODUCTS_DIR; };
		80282E961A721F2500D2AB17 /* Info.plist */ = {isa = PBXFileReference; lastKnownFileType = text.plist.xml; path = Info.plist; sourceTree = "<group>"; };
		80282E971A721F2500D2AB17 /* ObjcAppTests.m */ = {isa = PBXFileReference; lastKnownFileType = sourcecode.c.objc; path = ObjcAppTests.m; sourceTree = "<group>"; };
		C9EB7A1A1C8EBF2500BC35E8 /* SwiftFramework.xcodeproj */ = {isa = PBXFileReference; lastKnownFileType = "wrapper.pb-project"; name = SwiftFramework.xcodeproj; path = ../SwiftFramework/SwiftFramework.xcodeproj; sourceTree = "<group>"; };
/* End PBXFileReference section */

/* Begin PBXFrameworksBuildPhase section */
		80282E751A721F2400D2AB17 /* Frameworks */ = {
			isa = PBXFrameworksBuildPhase;
			buildActionMask = 2147483647;
			files = (
				C9EB7A281C8EBF4500BC35E8 /* SwiftFramework.framework in Frameworks */,
			);
			runOnlyForDeploymentPostprocessing = 0;
		};
		80282E8E1A721F2500D2AB17 /* Frameworks */ = {
			isa = PBXFrameworksBuildPhase;
			buildActionMask = 2147483647;
			files = (
			);
			runOnlyForDeploymentPostprocessing = 0;
		};
/* End PBXFrameworksBuildPhase section */

/* Begin PBXGroup section */
		80282E6F1A721F2400D2AB17 = {
			isa = PBXGroup;
			children = (
				C9EB7A1A1C8EBF2500BC35E8 /* SwiftFramework.xcodeproj */,
				80282E7A1A721F2400D2AB17 /* ObjcApp */,
				80282E941A721F2500D2AB17 /* ObjcAppTests */,
				80282E791A721F2400D2AB17 /* Products */,
			);
			sourceTree = "<group>";
		};
		80282E791A721F2400D2AB17 /* Products */ = {
			isa = PBXGroup;
			children = (
				80282E781A721F2400D2AB17 /* ObjcApp.app */,
				80282E911A721F2500D2AB17 /* ObjcAppTests.xctest */,
			);
			name = Products;
			sourceTree = "<group>";
		};
		80282E7A1A721F2400D2AB17 /* ObjcApp */ = {
			isa = PBXGroup;
			children = (
				80282E7F1A721F2400D2AB17 /* AppDelegate.h */,
				80282E801A721F2400D2AB17 /* AppDelegate.m */,
				80282E821A721F2400D2AB17 /* ViewController.h */,
				80282E831A721F2400D2AB17 /* ViewController.m */,
				80282E851A721F2400D2AB17 /* Main.storyboard */,
				80282E881A721F2400D2AB17 /* Images.xcassets */,
				80282E8A1A721F2400D2AB17 /* LaunchScreen.xib */,
				80282E7B1A721F2400D2AB17 /* Supporting Files */,
			);
			path = ObjcApp;
			sourceTree = "<group>";
		};
		80282E7B1A721F2400D2AB17 /* Supporting Files */ = {
			isa = PBXGroup;
			children = (
				80282E7C1A721F2400D2AB17 /* Info.plist */,
				80282E7D1A721F2400D2AB17 /* main.m */,
			);
			name = "Supporting Files";
			sourceTree = "<group>";
		};
		80282E941A721F2500D2AB17 /* ObjcAppTests */ = {
			isa = PBXGroup;
			children = (
				80282E971A721F2500D2AB17 /* ObjcAppTests.m */,
				80282E951A721F2500D2AB17 /* Supporting Files */,
			);
			path = ObjcAppTests;
			sourceTree = "<group>";
		};
		80282E951A721F2500D2AB17 /* Supporting Files */ = {
			isa = PBXGroup;
			children = (
				80282E961A721F2500D2AB17 /* Info.plist */,
			);
			name = "Supporting Files";
			sourceTree = "<group>";
		};
		C9EB7A1B1C8EBF2500BC35E8 /* Products */ = {
			isa = PBXGroup;
			children = (
				C9EB7A211C8EBF2500BC35E8 /* SwiftFramework.framework */,
				C9EB7A231C8EBF2500BC35E8 /* SwiftFrameworkTests.xctest */,
			);
			name = Products;
			sourceTree = "<group>";
		};
/* End PBXGroup section */

/* Begin PBXNativeTarget section */
		80282E771A721F2400D2AB17 /* ObjcApp */ = {
			isa = PBXNativeTarget;
			buildConfigurationList = 80282E9B1A721F2500D2AB17 /* Build configuration list for PBXNativeTarget "ObjcApp" */;
			buildPhases = (
				80282E741A721F2400D2AB17 /* Sources */,
				80282E751A721F2400D2AB17 /* Frameworks */,
				80282E761A721F2400D2AB17 /* Resources */,
				80282EA41A721F6A00D2AB17 /* Embed Frameworks */,
			);
			buildRules = (
			);
			dependencies = (
				C9EB7A2B1C8EBF4500BC35E8 /* PBXTargetDependency */,
			);
			name = ObjcApp;
			productName = ObjcApp;
			productReference = 80282E781A721F2400D2AB17 /* ObjcApp.app */;
			productType = "com.apple.product-type.application";
		};
		80282E901A721F2500D2AB17 /* ObjcAppTests */ = {
			isa = PBXNativeTarget;
			buildConfigurationList = 80282E9E1A721F2500D2AB17 /* Build configuration list for PBXNativeTarget "ObjcAppTests" */;
			buildPhases = (
				80282E8D1A721F2500D2AB17 /* Sources */,
				80282E8E1A721F2500D2AB17 /* Frameworks */,
				80282E8F1A721F2500D2AB17 /* Resources */,
			);
			buildRules = (
			);
			dependencies = (
				80282E931A721F2500D2AB17 /* PBXTargetDependency */,
			);
			name = ObjcAppTests;
			productName = ObjcAppTests;
			productReference = 80282E911A721F2500D2AB17 /* ObjcAppTests.xctest */;
			productType = "com.apple.product-type.bundle.unit-test";
		};
/* End PBXNativeTarget section */

/* Begin PBXProject section */
		80282E701A721F2400D2AB17 /* Project object */ = {
			isa = PBXProject;
			attributes = {
				LastUpgradeCheck = 0610;
				ORGANIZATIONNAME = "Intelligent Gadget";
				TargetAttributes = {
					80282E771A721F2400D2AB17 = {
						CreatedOnToolsVersion = 6.1.1;
					};
					80282E901A721F2500D2AB17 = {
						CreatedOnToolsVersion = 6.1.1;
						TestTargetID = 80282E771A721F2400D2AB17;
					};
				};
			};
			buildConfigurationList = 80282E731A721F2400D2AB17 /* Build configuration list for PBXProject "ObjcApp" */;
			compatibilityVersion = "Xcode 3.2";
			developmentRegion = English;
			hasScannedForEncodings = 0;
			knownRegions = (
				en,
				Base,
			);
			mainGroup = 80282E6F1A721F2400D2AB17;
			productRefGroup = 80282E791A721F2400D2AB17 /* Products */;
			projectDirPath = "";
			projectReferences = (
				{
					ProductGroup = C9EB7A1B1C8EBF2500BC35E8 /* Products */;
					ProjectRef = C9EB7A1A1C8EBF2500BC35E8 /* SwiftFramework.xcodeproj */;
				},
			);
			projectRoot = "";
			targets = (
				80282E771A721F2400D2AB17 /* ObjcApp */,
				80282E901A721F2500D2AB17 /* ObjcAppTests */,
			);
		};
/* End PBXProject section */

/* Begin PBXReferenceProxy section */
		C9EB7A211C8EBF2500BC35E8 /* SwiftFramework.framework */ = {
			isa = PBXReferenceProxy;
			fileType = wrapper.framework;
			path = SwiftFramework.framework;
			remoteRef = C9EB7A201C8EBF2500BC35E8 /* PBXContainerItemProxy */;
			sourceTree = BUILT_PRODUCTS_DIR;
		};
		C9EB7A231C8EBF2500BC35E8 /* SwiftFrameworkTests.xctest */ = {
			isa = PBXReferenceProxy;
			fileType = wrapper.cfbundle;
			path = SwiftFrameworkTests.xctest;
			remoteRef = C9EB7A221C8EBF2500BC35E8 /* PBXContainerItemProxy */;
			sourceTree = BUILT_PRODUCTS_DIR;
		};
/* End PBXReferenceProxy section */

/* Begin PBXResourcesBuildPhase section */
		80282E761A721F2400D2AB17 /* Resources */ = {
			isa = PBXResourcesBuildPhase;
			buildActionMask = 2147483647;
			files = (
				80282E871A721F2400D2AB17 /* Main.storyboard in Resources */,
				80282E8C1A721F2400D2AB17 /* LaunchScreen.xib in Resources */,
				80282E891A721F2400D2AB17 /* Images.xcassets in Resources */,
			);
			runOnlyForDeploymentPostprocessing = 0;
		};
		80282E8F1A721F2500D2AB17 /* Resources */ = {
			isa = PBXResourcesBuildPhase;
			buildActionMask = 2147483647;
			files = (
			);
			runOnlyForDeploymentPostprocessing = 0;
		};
/* End PBXResourcesBuildPhase section */

/* Begin PBXSourcesBuildPhase section */
		80282E741A721F2400D2AB17 /* Sources */ = {
			isa = PBXSourcesBuildPhase;
			buildActionMask = 2147483647;
			files = (
				80282E841A721F2400D2AB17 /* ViewController.m in Sources */,
				80282E811A721F2400D2AB17 /* AppDelegate.m in Sources */,
				80282E7E1A721F2400D2AB17 /* main.m in Sources */,
			);
			runOnlyForDeploymentPostprocessing = 0;
		};
		80282E8D1A721F2500D2AB17 /* Sources */ = {
			isa = PBXSourcesBuildPhase;
			buildActionMask = 2147483647;
			files = (
				80282E981A721F2500D2AB17 /* ObjcAppTests.m in Sources */,
			);
			runOnlyForDeploymentPostprocessing = 0;
		};
/* End PBXSourcesBuildPhase section */

/* Begin PBXTargetDependency section */
		80282E931A721F2500D2AB17 /* PBXTargetDependency */ = {
			isa = PBXTargetDependency;
			target = 80282E771A721F2400D2AB17 /* ObjcApp */;
			targetProxy = 80282E921A721F2500D2AB17 /* PBXContainerItemProxy */;
		};
		C9EB7A2B1C8EBF4500BC35E8 /* PBXTargetDependency */ = {
			isa = PBXTargetDependency;
			name = SwiftFramework;
			targetProxy = C9EB7A2A1C8EBF4500BC35E8 /* PBXContainerItemProxy */;
		};
/* End PBXTargetDependency section */

/* Begin PBXVariantGroup section */
		80282E851A721F2400D2AB17 /* Main.storyboard */ = {
			isa = PBXVariantGroup;
			children = (
				80282E861A721F2400D2AB17 /* Base */,
			);
			name = Main.storyboard;
			sourceTree = "<group>";
		};
		80282E8A1A721F2400D2AB17 /* LaunchScreen.xib */ = {
			isa = PBXVariantGroup;
			children = (
				80282E8B1A721F2400D2AB17 /* Base */,
			);
			name = LaunchScreen.xib;
			sourceTree = "<group>";
		};
/* End PBXVariantGroup section */

/* Begin XCBuildConfiguration section */
		80282E991A721F2500D2AB17 /* Debug */ = {
			isa = XCBuildConfiguration;
			buildSettings = {
				ALWAYS_SEARCH_USER_PATHS = NO;
				CLANG_CXX_LANGUAGE_STANDARD = "gnu++0x";
				CLANG_CXX_LIBRARY = "libc++";
				CLANG_ENABLE_MODULES = YES;
				CLANG_ENABLE_OBJC_ARC = YES;
				CLANG_WARN_BOOL_CONVERSION = YES;
				CLANG_WARN_CONSTANT_CONVERSION = YES;
				CLANG_WARN_DIRECT_OBJC_ISA_USAGE = YES_ERROR;
				CLANG_WARN_EMPTY_BODY = YES;
				CLANG_WARN_ENUM_CONVERSION = YES;
				CLANG_WARN_INT_CONVERSION = YES;
				CLANG_WARN_OBJC_ROOT_CLASS = YES_ERROR;
				CLANG_WARN_UNREACHABLE_CODE = YES;
				CLANG_WARN__DUPLICATE_METHOD_MATCH = YES;
				"CODE_SIGN_IDENTITY[sdk=iphoneos*]" = "iPhone Developer";
				COPY_PHASE_STRIP = NO;
				ENABLE_STRICT_OBJC_MSGSEND = YES;
				GCC_C_LANGUAGE_STANDARD = gnu99;
				GCC_DYNAMIC_NO_PIC = NO;
				GCC_OPTIMIZATION_LEVEL = 0;
				GCC_PREPROCESSOR_DEFINITIONS = (
					"DEBUG=1",
					"$(inherited)",
				);
				GCC_SYMBOLS_PRIVATE_EXTERN = NO;
				GCC_WARN_64_TO_32_BIT_CONVERSION = YES;
				GCC_WARN_ABOUT_RETURN_TYPE = YES_ERROR;
				GCC_WARN_UNDECLARED_SELECTOR = YES;
				GCC_WARN_UNINITIALIZED_AUTOS = YES_AGGRESSIVE;
				GCC_WARN_UNUSED_FUNCTION = YES;
				GCC_WARN_UNUSED_VARIABLE = YES;
				IPHONEOS_DEPLOYMENT_TARGET = 8.1;
				MTL_ENABLE_DEBUG_INFO = YES;
				ONLY_ACTIVE_ARCH = YES;
				SDKROOT = iphoneos;
				TARGETED_DEVICE_FAMILY = "1,2";
			};
			name = Debug;
		};
		80282E9A1A721F2500D2AB17 /* Release */ = {
			isa = XCBuildConfiguration;
			buildSettings = {
				ALWAYS_SEARCH_USER_PATHS = NO;
				CLANG_CXX_LANGUAGE_STANDARD = "gnu++0x";
				CLANG_CXX_LIBRARY = "libc++";
				CLANG_ENABLE_MODULES = YES;
				CLANG_ENABLE_OBJC_ARC = YES;
				CLANG_WARN_BOOL_CONVERSION = YES;
				CLANG_WARN_CONSTANT_CONVERSION = YES;
				CLANG_WARN_DIRECT_OBJC_ISA_USAGE = YES_ERROR;
				CLANG_WARN_EMPTY_BODY = YES;
				CLANG_WARN_ENUM_CONVERSION = YES;
				CLANG_WARN_INT_CONVERSION = YES;
				CLANG_WARN_OBJC_ROOT_CLASS = YES_ERROR;
				CLANG_WARN_UNREACHABLE_CODE = YES;
				CLANG_WARN__DUPLICATE_METHOD_MATCH = YES;
				"CODE_SIGN_IDENTITY[sdk=iphoneos*]" = "iPhone Developer";
				COPY_PHASE_STRIP = YES;
				ENABLE_NS_ASSERTIONS = NO;
				ENABLE_STRICT_OBJC_MSGSEND = YES;
				GCC_C_LANGUAGE_STANDARD = gnu99;
				GCC_WARN_64_TO_32_BIT_CONVERSION = YES;
				GCC_WARN_ABOUT_RETURN_TYPE = YES_ERROR;
				GCC_WARN_UNDECLARED_SELECTOR = YES;
				GCC_WARN_UNINITIALIZED_AUTOS = YES_AGGRESSIVE;
				GCC_WARN_UNUSED_FUNCTION = YES;
				GCC_WARN_UNUSED_VARIABLE = YES;
				IPHONEOS_DEPLOYMENT_TARGET = 8.1;
				MTL_ENABLE_DEBUG_INFO = NO;
				SDKROOT = iphoneos;
				TARGETED_DEVICE_FAMILY = "1,2";
				VALIDATE_PRODUCT = YES;
			};
			name = Release;
		};
		80282E9C1A721F2500D2AB17 /* Debug */ = {
			isa = XCBuildConfiguration;
			buildSettings = {
				ASSETCATALOG_COMPILER_APPICON_NAME = AppIcon;
				EMBEDDED_CONTENT_CONTAINS_SWIFT = YES;
				FRAMEWORK_SEARCH_PATHS = (
					"$(inherited)",
					"$(PROJECT_DIR)",
				);
				INFOPLIST_FILE = ObjcApp/Info.plist;
				LD_RUNPATH_SEARCH_PATHS = "$(inherited) @executable_path/Frameworks";
				PRODUCT_NAME = "$(TARGET_NAME)";
			};
			name = Debug;
		};
		80282E9D1A721F2500D2AB17 /* Release */ = {
			isa = XCBuildConfiguration;
			buildSettings = {
				ASSETCATALOG_COMPILER_APPICON_NAME = AppIcon;
				EMBEDDED_CONTENT_CONTAINS_SWIFT = YES;
				FRAMEWORK_SEARCH_PATHS = (
					"$(inherited)",
					"$(PROJECT_DIR)",
				);
				INFOPLIST_FILE = ObjcApp/Info.plist;
				LD_RUNPATH_SEARCH_PATHS = "$(inherited) @executable_path/Frameworks";
				PRODUCT_NAME = "$(TARGET_NAME)";
			};
			name = Release;
		};
		80282E9F1A721F2500D2AB17 /* Debug */ = {
			isa = XCBuildConfiguration;
			buildSettings = {
				BUNDLE_LOADER = "$(TEST_HOST)";
				FRAMEWORK_SEARCH_PATHS = (
					"$(SDKROOT)/Developer/Library/Frameworks",
					"$(inherited)",
				);
				GCC_PREPROCESSOR_DEFINITIONS = (
					"DEBUG=1",
					"$(inherited)",
				);
				INFOPLIST_FILE = ObjcAppTests/Info.plist;
				LD_RUNPATH_SEARCH_PATHS = "$(inherited) @executable_path/Frameworks @loader_path/Frameworks";
				PRODUCT_NAME = "$(TARGET_NAME)";
				TEST_HOST = "$(BUILT_PRODUCTS_DIR)/ObjcApp.app/ObjcApp";
			};
			name = Debug;
		};
		80282EA01A721F2500D2AB17 /* Release */ = {
			isa = XCBuildConfiguration;
			buildSettings = {
				BUNDLE_LOADER = "$(TEST_HOST)";
				FRAMEWORK_SEARCH_PATHS = (
					"$(SDKROOT)/Developer/Library/Frameworks",
					"$(inherited)",
				);
				INFOPLIST_FILE = ObjcAppTests/Info.plist;
				LD_RUNPATH_SEARCH_PATHS = "$(inherited) @executable_path/Frameworks @loader_path/Frameworks";
				PRODUCT_NAME = "$(TARGET_NAME)";
				TEST_HOST = "$(BUILT_PRODUCTS_DIR)/ObjcApp.app/ObjcApp";
			};
			name = Release;
		};
/* End XCBuildConfiguration section */

/* Begin XCConfigurationList section */
		80282E731A721F2400D2AB17 /* Build configuration list for PBXProject "ObjcApp" */ = {
			isa = XCConfigurationList;
			buildConfigurations = (
				80282E991A721F2500D2AB17 /* Debug */,
				80282E9A1A721F2500D2AB17 /* Release */,
			);
			defaultConfigurationIsVisible = 0;
			defaultConfigurationName = Release;
		};
		80282E9B1A721F2500D2AB17 /* Build configuration list for PBXNativeTarget "ObjcApp" */ = {
			isa = XCConfigurationList;
			buildConfigurations = (
				80282E9C1A721F2500D2AB17 /* Debug */,
				80282E9D1A721F2500D2AB17 /* Release */,
			);
			defaultConfigurationIsVisible = 0;
			defaultConfigurationName = Release;
		};
		80282E9E1A721F2500D2AB17 /* Build configuration list for PBXNativeTarget "ObjcAppTests" */ = {
			isa = XCConfigurationList;
			buildConfigurations = (
				80282E9F1A721F2500D2AB17 /* Debug */,
				80282EA01A721F2500D2AB17 /* Release */,
			);
			defaultConfigurationIsVisible = 0;
			defaultConfigurationName = Release;
		};
/* End XCConfigurationList section */
	};
	rootObject = 80282E701A721F2400D2AB17 /* Project object */;
}
