// !$*UTF8*$!
{
	archiveVersion = 1;
	classes = {
	};
	objectVersion = 46;
	objects = {

/* Begin PBXBuildFile section */
		80C7830A1A7227D10083C623 /* AppDelegate.swift in Sources */ = {isa = PBXBuildFile; fileRef = 80C783091A7227D10083C623 /* AppDelegate.swift */; };
		80C7830C1A7227D10083C623 /* ViewController.swift in Sources */ = {isa = PBXBuildFile; fileRef = 80C7830B1A7227D10083C623 /* ViewController.swift */; };
		80C7830F1A7227D10083C623 /* Main.storyboard in Resources */ = {isa = PBXBuildFile; fileRef = 80C7830D1A7227D10083C623 /* Main.storyboard */; };
		80C783111A7227D10083C623 /* Images.xcassets in Resources */ = {isa = PBXBuildFile; fileRef = 80C783101A7227D10083C623 /* Images.xcassets */; };
		80C783141A7227D10083C623 /* LaunchScreen.xib in Resources */ = {isa = PBXBuildFile; fileRef = 80C783121A7227D10083C623 /* LaunchScreen.xib */; };
		80C783201A7227D10083C623 /* SwiftAppTests.swift in Sources */ = {isa = PBXBuildFile; fileRef = 80C7831F1A7227D10083C623 /* SwiftAppTests.swift */; };
		C9EB7A161C8EBF1200BC35E8 /* SwiftFramework.framework in Frameworks */ = {isa = PBXBuildFile; fileRef = C9EB7A131C8EBF0800BC35E8 /* SwiftFramework.framework */; };
		C9EB7A171C8EBF1200BC35E8 /* SwiftFramework.framework in Embed Frameworks */ = {isa = PBXBuildFile; fileRef = C9EB7A131C8EBF0800BC35E8 /* SwiftFramework.framework */; settings = {ATTRIBUTES = (CodeSignOnCopy, RemoveHeadersOnCopy, ); }; };
/* End PBXBuildFile section */

/* Begin PBXContainerItemProxy section */
		80C7831A1A7227D10083C623 /* PBXContainerItemProxy */ = {
			isa = PBXContainerItemProxy;
			containerPortal = 80C782FC1A7227D10083C623 /* Project object */;
			proxyType = 1;
			remoteGlobalIDString = 80C783031A7227D10083C623;
			remoteInfo = SwiftApp;
		};
		C9EB7A121C8EBF0800BC35E8 /* PBXContainerItemProxy */ = {
			isa = PBXContainerItemProxy;
			containerPortal = C9EB7A0C1C8EBF0800BC35E8 /* SwiftFramework.xcodeproj */;
			proxyType = 2;
			remoteGlobalIDString = 80282DE01A72193700D2AB17;
			remoteInfo = SwiftFramework;
		};
		C9EB7A141C8EBF0800BC35E8 /* PBXContainerItemProxy */ = {
			isa = PBXContainerItemProxy;
			containerPortal = C9EB7A0C1C8EBF0800BC35E8 /* SwiftFramework.xcodeproj */;
			proxyType = 2;
			remoteGlobalIDString = 80282DEB1A72193800D2AB17;
			remoteInfo = SwiftFrameworkTests;
		};
		C9EB7A181C8EBF1200BC35E8 /* PBXContainerItemProxy */ = {
			isa = PBXContainerItemProxy;
			containerPortal = C9EB7A0C1C8EBF0800BC35E8 /* SwiftFramework.xcodeproj */;
			proxyType = 1;
			remoteGlobalIDString = 80282DDF1A72193700D2AB17;
			remoteInfo = SwiftFramework;
		};
/* End PBXContainerItemProxy section */

/* Begin PBXCopyFilesBuildPhase section */
		80C7832C1A7227E80083C623 /* Embed Frameworks */ = {
			isa = PBXCopyFilesBuildPhase;
			buildActionMask = 2147483647;
			dstPath = "";
			dstSubfolderSpec = 10;
			files = (
				C9EB7A171C8EBF1200BC35E8 /* SwiftFramework.framework in Embed Frameworks */,
			);
			name = "Embed Frameworks";
			runOnlyForDeploymentPostprocessing = 0;
		};
/* End PBXCopyFilesBuildPhase section */

/* Begin PBXFileReference section */
		80C783041A7227D10083C623 /* SwiftApp.app */ = {isa = PBXFileReference; explicitFileType = wrapper.application; includeInIndex = 0; path = SwiftApp.app; sourceTree = BUILT_PRODUCTS_DIR; };
		80C783081A7227D10083C623 /* Info.plist */ = {isa = PBXFileReference; lastKnownFileType = text.plist.xml; path = Info.plist; sourceTree = "<group>"; };
		80C783091A7227D10083C623 /* AppDelegate.swift */ = {isa = PBXFileReference; lastKnownFileType = sourcecode.swift; path = AppDelegate.swift; sourceTree = "<group>"; };
		80C7830B1A7227D10083C623 /* ViewController.swift */ = {isa = PBXFileReference; lastKnownFileType = sourcecode.swift; path = ViewController.swift; sourceTree = "<group>"; };
		80C7830E1A7227D10083C623 /* Base */ = {isa = PBXFileReference; lastKnownFileType = file.storyboard; name = Base; path = Base.lproj/Main.storyboard; sourceTree = "<group>"; };
		80C783101A7227D10083C623 /* Images.xcassets */ = {isa = PBXFileReference; lastKnownFileType = folder.assetcatalog; path = Images.xcassets; sourceTree = "<group>"; };
		80C783131A7227D10083C623 /* Base */ = {isa = PBXFileReference; lastKnownFileType = file.xib; name = Base; path = Base.lproj/LaunchScreen.xib; sourceTree = "<group>"; };
		80C783191A7227D10083C623 /* SwiftAppTests.xctest */ = {isa = PBXFileReference; explicitFileType = wrapper.cfbundle; includeInIndex = 0; path = SwiftAppTests.xctest; sourceTree = BUILT_PRODUCTS_DIR; };
		80C7831E1A7227D10083C623 /* Info.plist */ = {isa = PBXFileReference; lastKnownFileType = text.plist.xml; path = Info.plist; sourceTree = "<group>"; };
		80C7831F1A7227D10083C623 /* SwiftAppTests.swift */ = {isa = PBXFileReference; lastKnownFileType = sourcecode.swift; path = SwiftAppTests.swift; sourceTree = "<group>"; };
		C9EB7A0C1C8EBF0800BC35E8 /* SwiftFramework.xcodeproj */ = {isa = PBXFileReference; lastKnownFileType = "wrapper.pb-project"; name = SwiftFramework.xcodeproj; path = ../SwiftFramework/SwiftFramework.xcodeproj; sourceTree = "<group>"; };
/* End PBXFileReference section */

/* Begin PBXFrameworksBuildPhase section */
		80C783011A7227D10083C623 /* Frameworks */ = {
			isa = PBXFrameworksBuildPhase;
			buildActionMask = 2147483647;
			files = (
				C9EB7A161C8EBF1200BC35E8 /* SwiftFramework.framework in Frameworks */,
			);
			runOnlyForDeploymentPostprocessing = 0;
		};
		80C783161A7227D10083C623 /* Frameworks */ = {
			isa = PBXFrameworksBuildPhase;
			buildActionMask = 2147483647;
			files = (
			);
			runOnlyForDeploymentPostprocessing = 0;
		};
/* End PBXFrameworksBuildPhase section */

/* Begin PBXGroup section */
		80C782FB1A7227D10083C623 = {
			isa = PBXGroup;
			children = (
				C9EB7A0C1C8EBF0800BC35E8 /* SwiftFramework.xcodeproj */,
				80C783061A7227D10083C623 /* SwiftApp */,
				80C7831C1A7227D10083C623 /* SwiftAppTests */,
				80C783051A7227D10083C623 /* Products */,
			);
			sourceTree = "<group>";
		};
		80C783051A7227D10083C623 /* Products */ = {
			isa = PBXGroup;
			children = (
				80C783041A7227D10083C623 /* SwiftApp.app */,
				80C783191A7227D10083C623 /* SwiftAppTests.xctest */,
			);
			name = Products;
			sourceTree = "<group>";
		};
		80C783061A7227D10083C623 /* SwiftApp */ = {
			isa = PBXGroup;
			children = (
				80C783091A7227D10083C623 /* AppDelegate.swift */,
				80C7830B1A7227D10083C623 /* ViewController.swift */,
				80C7830D1A7227D10083C623 /* Main.storyboard */,
				80C783101A7227D10083C623 /* Images.xcassets */,
				80C783121A7227D10083C623 /* LaunchScreen.xib */,
				80C783071A7227D10083C623 /* Supporting Files */,
			);
			path = SwiftApp;
			sourceTree = "<group>";
		};
		80C783071A7227D10083C623 /* Supporting Files */ = {
			isa = PBXGroup;
			children = (
				80C783081A7227D10083C623 /* Info.plist */,
			);
			name = "Supporting Files";
			sourceTree = "<group>";
		};
		80C7831C1A7227D10083C623 /* SwiftAppTests */ = {
			isa = PBXGroup;
			children = (
				80C7831F1A7227D10083C623 /* SwiftAppTests.swift */,
				80C7831D1A7227D10083C623 /* Supporting Files */,
			);
			path = SwiftAppTests;
			sourceTree = "<group>";
		};
		80C7831D1A7227D10083C623 /* Supporting Files */ = {
			isa = PBXGroup;
			children = (
				80C7831E1A7227D10083C623 /* Info.plist */,
			);
			name = "Supporting Files";
			sourceTree = "<group>";
		};
		C9EB7A0D1C8EBF0800BC35E8 /* Products */ = {
			isa = PBXGroup;
			children = (
				C9EB7A131C8EBF0800BC35E8 /* SwiftFramework.framework */,
				C9EB7A151C8EBF0800BC35E8 /* SwiftFrameworkTests.xctest */,
			);
			name = Products;
			sourceTree = "<group>";
		};
/* End PBXGroup section */

/* Begin PBXNativeTarget section */
		80C783031A7227D10083C623 /* SwiftApp */ = {
			isa = PBXNativeTarget;
			buildConfigurationList = 80C783231A7227D10083C623 /* Build configuration list for PBXNativeTarget "SwiftApp" */;
			buildPhases = (
				80C783001A7227D10083C623 /* Sources */,
				80C783011A7227D10083C623 /* Frameworks */,
				80C783021A7227D10083C623 /* Resources */,
				80C7832C1A7227E80083C623 /* Embed Frameworks */,
			);
			buildRules = (
			);
			dependencies = (
				C9EB7A191C8EBF1200BC35E8 /* PBXTargetDependency */,
			);
			name = SwiftApp;
			productName = SwiftApp;
			productReference = 80C783041A7227D10083C623 /* SwiftApp.app */;
			productType = "com.apple.product-type.application";
		};
		80C783181A7227D10083C623 /* SwiftAppTests */ = {
			isa = PBXNativeTarget;
			buildConfigurationList = 80C783261A7227D10083C623 /* Build configuration list for PBXNativeTarget "SwiftAppTests" */;
			buildPhases = (
				80C783151A7227D10083C623 /* Sources */,
				80C783161A7227D10083C623 /* Frameworks */,
				80C783171A7227D10083C623 /* Resources */,
			);
			buildRules = (
			);
			dependencies = (
				80C7831B1A7227D10083C623 /* PBXTargetDependency */,
			);
			name = SwiftAppTests;
			productName = SwiftAppTests;
			productReference = 80C783191A7227D10083C623 /* SwiftAppTests.xctest */;
			productType = "com.apple.product-type.bundle.unit-test";
		};
/* End PBXNativeTarget section */

/* Begin PBXProject section */
		80C782FC1A7227D10083C623 /* Project object */ = {
			isa = PBXProject;
			attributes = {
				LastSwiftUpdateCheck = 0720;
				LastUpgradeCheck = 0720;
				ORGANIZATIONNAME = "Intelligent Gadget";
				TargetAttributes = {
					80C783031A7227D10083C623 = {
						CreatedOnToolsVersion = 6.1.1;
					};
					80C783181A7227D10083C623 = {
						CreatedOnToolsVersion = 6.1.1;
						TestTargetID = 80C783031A7227D10083C623;
					};
				};
			};
			buildConfigurationList = 80C782FF1A7227D10083C623 /* Build configuration list for PBXProject "SwiftApp" */;
			compatibilityVersion = "Xcode 3.2";
			developmentRegion = English;
			hasScannedForEncodings = 0;
			knownRegions = (
				en,
				Base,
			);
			mainGroup = 80C782FB1A7227D10083C623;
			productRefGroup = 80C783051A7227D10083C623 /* Products */;
			projectDirPath = "";
			projectReferences = (
				{
					ProductGroup = C9EB7A0D1C8EBF0800BC35E8 /* Products */;
					ProjectRef = C9EB7A0C1C8EBF0800BC35E8 /* SwiftFramework.xcodeproj */;
				},
			);
			projectRoot = "";
			targets = (
				80C783031A7227D10083C623 /* SwiftApp */,
				80C783181A7227D10083C623 /* SwiftAppTests */,
			);
		};
/* End PBXProject section */

/* Begin PBXReferenceProxy section */
		C9EB7A131C8EBF0800BC35E8 /* SwiftFramework.framework */ = {
			isa = PBXReferenceProxy;
			fileType = wrapper.framework;
			path = SwiftFramework.framework;
			remoteRef = C9EB7A121C8EBF0800BC35E8 /* PBXContainerItemProxy */;
			sourceTree = BUILT_PRODUCTS_DIR;
		};
		C9EB7A151C8EBF0800BC35E8 /* SwiftFrameworkTests.xctest */ = {
			isa = PBXReferenceProxy;
			fileType = wrapper.cfbundle;
			path = SwiftFrameworkTests.xctest;
			remoteRef = C9EB7A141C8EBF0800BC35E8 /* PBXContainerItemProxy */;
			sourceTree = BUILT_PRODUCTS_DIR;
		};
/* End PBXReferenceProxy section */

/* Begin PBXResourcesBuildPhase section */
		80C783021A7227D10083C623 /* Resources */ = {
			isa = PBXResourcesBuildPhase;
			buildActionMask = 2147483647;
			files = (
				80C7830F1A7227D10083C623 /* Main.storyboard in Resources */,
				80C783141A7227D10083C623 /* LaunchScreen.xib in Resources */,
				80C783111A7227D10083C623 /* Images.xcassets in Resources */,
			);
			runOnlyForDeploymentPostprocessing = 0;
		};
		80C783171A7227D10083C623 /* Resources */ = {
			isa = PBXResourcesBuildPhase;
			buildActionMask = 2147483647;
			files = (
			);
			runOnlyForDeploymentPostprocessing = 0;
		};
/* End PBXResourcesBuildPhase section */

/* Begin PBXSourcesBuildPhase section */
		80C783001A7227D10083C623 /* Sources */ = {
			isa = PBXSourcesBuildPhase;
			buildActionMask = 2147483647;
			files = (
				80C7830C1A7227D10083C623 /* ViewController.swift in Sources */,
				80C7830A1A7227D10083C623 /* AppDelegate.swift in Sources */,
			);
			runOnlyForDeploymentPostprocessing = 0;
		};
		80C783151A7227D10083C623 /* Sources */ = {
			isa = PBXSourcesBuildPhase;
			buildActionMask = 2147483647;
			files = (
				80C783201A7227D10083C623 /* SwiftAppTests.swift in Sources */,
			);
			runOnlyForDeploymentPostprocessing = 0;
		};
/* End PBXSourcesBuildPhase section */

/* Begin PBXTargetDependency section */
		80C7831B1A7227D10083C623 /* PBXTargetDependency */ = {
			isa = PBXTargetDependency;
			target = 80C783031A7227D10083C623 /* SwiftApp */;
			targetProxy = 80C7831A1A7227D10083C623 /* PBXContainerItemProxy */;
		};
		C9EB7A191C8EBF1200BC35E8 /* PBXTargetDependency */ = {
			isa = PBXTargetDependency;
			name = SwiftFramework;
			targetProxy = C9EB7A181C8EBF1200BC35E8 /* PBXContainerItemProxy */;
		};
/* End PBXTargetDependency section */

/* Begin PBXVariantGroup section */
		80C7830D1A7227D10083C623 /* Main.storyboard */ = {
			isa = PBXVariantGroup;
			children = (
				80C7830E1A7227D10083C623 /* Base */,
			);
			name = Main.storyboard;
			sourceTree = "<group>";
		};
		80C783121A7227D10083C623 /* LaunchScreen.xib */ = {
			isa = PBXVariantGroup;
			children = (
				80C783131A7227D10083C623 /* Base */,
			);
			name = LaunchScreen.xib;
			sourceTree = "<group>";
		};
/* End PBXVariantGroup section */

/* Begin XCBuildConfiguration section */
		80C783211A7227D10083C623 /* Debug */ = {
			isa = XCBuildConfiguration;
			buildSettings = {
				ALWAYS_SEARCH_USER_PATHS = NO;
				CLANG_CXX_LANGUAGE_STANDARD = "gnu++0x";
				CLANG_CXX_LIBRARY = "libc++";
				CLANG_ENABLE_MODULES = YES;
				CLANG_ENABLE_OBJC_ARC = YES;
				CLANG_WARN_BOOL_CONVERSION = YES;
				CLANG_WARN_CONSTANT_CONVERSION = YES;
				CLANG_WARN_DIRECT_OBJC_ISA_USAGE = YES_ERROR;
				CLANG_WARN_EMPTY_BODY = YES;
				CLANG_WARN_ENUM_CONVERSION = YES;
				CLANG_WARN_INT_CONVERSION = YES;
				CLANG_WARN_OBJC_ROOT_CLASS = YES_ERROR;
				CLANG_WARN_UNREACHABLE_CODE = YES;
				CLANG_WARN__DUPLICATE_METHOD_MATCH = YES;
				"CODE_SIGN_IDENTITY[sdk=iphoneos*]" = "iPhone Developer";
				COPY_PHASE_STRIP = NO;
				ENABLE_STRICT_OBJC_MSGSEND = YES;
				ENABLE_TESTABILITY = YES;
				GCC_C_LANGUAGE_STANDARD = gnu99;
				GCC_DYNAMIC_NO_PIC = NO;
				GCC_OPTIMIZATION_LEVEL = 0;
				GCC_PREPROCESSOR_DEFINITIONS = (
					"DEBUG=1",
					"$(inherited)",
				);
				GCC_SYMBOLS_PRIVATE_EXTERN = NO;
				GCC_WARN_64_TO_32_BIT_CONVERSION = YES;
				GCC_WARN_ABOUT_RETURN_TYPE = YES_ERROR;
				GCC_WARN_UNDECLARED_SELECTOR = YES;
				GCC_WARN_UNINITIALIZED_AUTOS = YES_AGGRESSIVE;
				GCC_WARN_UNUSED_FUNCTION = YES;
				GCC_WARN_UNUSED_VARIABLE = YES;
				IPHONEOS_DEPLOYMENT_TARGET = 8.1;
				MTL_ENABLE_DEBUG_INFO = YES;
				ONLY_ACTIVE_ARCH = YES;
				SDKROOT = iphoneos;
				SWIFT_OPTIMIZATION_LEVEL = "-Onone";
				TARGETED_DEVICE_FAMILY = "1,2";
			};
			name = Debug;
		};
		80C783221A7227D10083C623 /* Release */ = {
			isa = XCBuildConfiguration;
			buildSettings = {
				ALWAYS_SEARCH_USER_PATHS = NO;
				CLANG_CXX_LANGUAGE_STANDARD = "gnu++0x";
				CLANG_CXX_LIBRARY = "libc++";
				CLANG_ENABLE_MODULES = YES;
				CLANG_ENABLE_OBJC_ARC = YES;
				CLANG_WARN_BOOL_CONVERSION = YES;
				CLANG_WARN_CONSTANT_CONVERSION = YES;
				CLANG_WARN_DIRECT_OBJC_ISA_USAGE = YES_ERROR;
				CLANG_WARN_EMPTY_BODY = YES;
				CLANG_WARN_ENUM_CONVERSION = YES;
				CLANG_WARN_INT_CONVERSION = YES;
				CLANG_WARN_OBJC_ROOT_CLASS = YES_ERROR;
				CLANG_WARN_UNREACHABLE_CODE = YES;
				CLANG_WARN__DUPLICATE_METHOD_MATCH = YES;
				"CODE_SIGN_IDENTITY[sdk=iphoneos*]" = "iPhone Developer";
				COPY_PHASE_STRIP = YES;
				ENABLE_NS_ASSERTIONS = NO;
				ENABLE_STRICT_OBJC_MSGSEND = YES;
				GCC_C_LANGUAGE_STANDARD = gnu99;
				GCC_WARN_64_TO_32_BIT_CONVERSION = YES;
				GCC_WARN_ABOUT_RETURN_TYPE = YES_ERROR;
				GCC_WARN_UNDECLARED_SELECTOR = YES;
				GCC_WARN_UNINITIALIZED_AUTOS = YES_AGGRESSIVE;
				GCC_WARN_UNUSED_FUNCTION = YES;
				GCC_WARN_UNUSED_VARIABLE = YES;
				IPHONEOS_DEPLOYMENT_TARGET = 8.1;
				MTL_ENABLE_DEBUG_INFO = NO;
				SDKROOT = iphoneos;
				TARGETED_DEVICE_FAMILY = "1,2";
				VALIDATE_PRODUCT = YES;
			};
			name = Release;
		};
		80C783241A7227D10083C623 /* Debug */ = {
			isa = XCBuildConfiguration;
			buildSettings = {
				ASSETCATALOG_COMPILER_APPICON_NAME = AppIcon;
				EMBEDDED_CONTENT_CONTAINS_SWIFT = YES;
				FRAMEWORK_SEARCH_PATHS = (
					"$(inherited)",
					"/Users/syshen/Codes/iOS/Embedded-Framework-Demo/ObjcApp",
				);
				INFOPLIST_FILE = SwiftApp/Info.plist;
				LD_RUNPATH_SEARCH_PATHS = "$(inherited) @executable_path/Frameworks";
				PRODUCT_BUNDLE_IDENTIFIER = "cc.syshen.$(PRODUCT_NAME:rfc1034identifier)";
				PRODUCT_NAME = "$(TARGET_NAME)";
			};
			name = Debug;
		};
		80C783251A7227D10083C623 /* Release */ = {
			isa = XCBuildConfiguration;
			buildSettings = {
				ASSETCATALOG_COMPILER_APPICON_NAME = AppIcon;
				EMBEDDED_CONTENT_CONTAINS_SWIFT = YES;
				FRAMEWORK_SEARCH_PATHS = (
					"$(inherited)",
					"/Users/syshen/Codes/iOS/Embedded-Framework-Demo/ObjcApp",
				);
				INFOPLIST_FILE = SwiftApp/Info.plist;
				LD_RUNPATH_SEARCH_PATHS = "$(inherited) @executable_path/Frameworks";
				PRODUCT_BUNDLE_IDENTIFIER = "cc.syshen.$(PRODUCT_NAME:rfc1034identifier)";
				PRODUCT_NAME = "$(TARGET_NAME)";
			};
			name = Release;
		};
		80C783271A7227D10083C623 /* Debug */ = {
			isa = XCBuildConfiguration;
			buildSettings = {
				BUNDLE_LOADER = "$(TEST_HOST)";
				FRAMEWORK_SEARCH_PATHS = (
					"$(SDKROOT)/Developer/Library/Frameworks",
					"$(inherited)",
				);
				GCC_PREPROCESSOR_DEFINITIONS = (
					"DEBUG=1",
					"$(inherited)",
				);
				INFOPLIST_FILE = SwiftAppTests/Info.plist;
				LD_RUNPATH_SEARCH_PATHS = "$(inherited) @executable_path/Frameworks @loader_path/Frameworks";
				PRODUCT_BUNDLE_IDENTIFIER = "cc.syshen.$(PRODUCT_NAME:rfc1034identifier)";
				PRODUCT_NAME = "$(TARGET_NAME)";
				TEST_HOST = "$(BUILT_PRODUCTS_DIR)/SwiftApp.app/SwiftApp";
			};
			name = Debug;
		};
		80C783281A7227D10083C623 /* Release */ = {
			isa = XCBuildConfiguration;
			buildSettings = {
				BUNDLE_LOADER = "$(TEST_HOST)";
				FRAMEWORK_SEARCH_PATHS = (
					"$(SDKROOT)/Developer/Library/Frameworks",
					"$(inherited)",
				);
				INFOPLIST_FILE = SwiftAppTests/Info.plist;
				LD_RUNPATH_SEARCH_PATHS = "$(inherited) @executable_path/Frameworks @loader_path/Frameworks";
				PRODUCT_BUNDLE_IDENTIFIER = "cc.syshen.$(PRODUCT_NAME:rfc1034identifier)";
				PRODUCT_NAME = "$(TARGET_NAME)";
				TEST_HOST = "$(BUILT_PRODUCTS_DIR)/SwiftApp.app/SwiftApp";
			};
			name = Release;
		};
/* End XCBuildConfiguration section */

/* Begin XCConfigurationList section */
		80C782FF1A7227D10083C623 /* Build configuration list for PBXProject "SwiftApp" */ = {
			isa = XCConfigurationList;
			buildConfigurations = (
				80C783211A7227D10083C623 /* Debug */,
				80C783221A7227D10083C623 /* Release */,
			);
			defaultConfigurationIsVisible = 0;
			defaultConfigurationName = Release;
		};
		80C783231A7227D10083C623 /* Build configuration list for PBXNativeTarget "SwiftApp" */ = {
			isa = XCConfigurationList;
			buildConfigurations = (
				80C783241A7227D10083C623 /* Debug */,
				80C783251A7227D10083C623 /* Release */,
			);
			defaultConfigurationIsVisible = 0;
			defaultConfigurationName = Release;
		};
		80C783261A7227D10083C623 /* Build configuration list for PBXNativeTarget "SwiftAppTests" */ = {
			isa = XCConfigurationList;
			buildConfigurations = (
				80C783271A7227D10083C623 /* Debug */,
				80C783281A7227D10083C623 /* Release */,
			);
			defaultConfigurationIsVisible = 0;
			defaultConfigurationName = Release;
		};
/* End XCConfigurationList section */
	};
	rootObject = 80C782FC1A7227D10083C623 /* Project object */;
}
